<?xml version="1.0" encoding="utf-8"?>
<Project ToolsVersion="4.0" xmlns="http://schemas.microsoft.com/developer/msbuild/2003">
  <ItemGroup>
    <Filter Include="ソース ファイル">
      <UniqueIdentifier>{4FC737F1-C7A5-4376-A066-2A32D752A2FF}</UniqueIdentifier>
      <Extensions>cpp;c;cc;cxx;def;odl;idl;hpj;bat;asm;asmx</Extensions>
    </Filter>
    <Filter Include="ヘッダー ファイル">
      <UniqueIdentifier>{93995380-89BD-4b04-88EB-625FBE52EBFB}</UniqueIdentifier>
      <Extensions>h;hh;hpp;hxx;hm;inl;inc;xsd</Extensions>
    </Filter>
    <Filter Include="リソース ファイル">
      <UniqueIdentifier>{67DA6AB6-F800-4c08-8B7A-83BB121AAD01}</UniqueIdentifier>
      <Extensions>rc;ico;cur;bmp;dlg;rc2;rct;bin;rgs;gif;jpg;jpeg;jpe;resx;tiff;tif;png;wav;mfcribbon-ms</Extensions>
    </Filter>
    <Filter Include="シーン">
      <UniqueIdentifier>{d38c479d-0066-4eae-814d-303d5027f0f0}</UniqueIdentifier>
    </Filter>
    <Filter Include="GL">
      <UniqueIdentifier>{50c30b2f-0865-4d93-8d13-76246d342a5d}</UniqueIdentifier>
    </Filter>
    <Filter Include="シェーダ">
      <UniqueIdentifier>{687657bc-261f-40c5-a655-1d0ccc67cb10}</UniqueIdentifier>
    </Filter>
  </ItemGroup>
  <ItemGroup>
    <ClCompile Include="ibcd.cpp">
      <Filter>ソース ファイル</Filter>
    </ClCompile>
    <ClCompile Include="Application.cpp">
      <Filter>ソース ファイル</Filter>
    </ClCompile>
    <ClCompile Include="Scene.cpp">
      <Filter>ソース ファイル</Filter>
    </ClCompile>
    <ClCompile Include="SampleScene.cpp">
      <Filter>シーン</Filter>
    </ClCompile>
    <ClCompile Include="Shader.cpp">
      <Filter>GL</Filter>
    </ClCompile>
    <ClCompile Include="Camera.cpp">
      <Filter>GL</Filter>
    </ClCompile>
    <ClCompile Include="Model.cpp">
      <Filter>GL</Filter>
    </ClCompile>
    <ClCompile Include="DepthPeelingScene.cpp">
      <Filter>シーン</Filter>
    </ClCompile>
    <ClCompile Include="Light.cpp">
      <Filter>GL</Filter>
    </ClCompile>
    <ClCompile Include="FBOPracticeScene.cpp">
      <Filter>シーン</Filter>
    </ClCompile>
  </ItemGroup>
  <ItemGroup>
    <ClInclude Include="Application.h">
      <Filter>ヘッダー ファイル</Filter>
    </ClInclude>
    <ClInclude Include="easylogging++.h">
      <Filter>ヘッダー ファイル</Filter>
    </ClInclude>
    <ClInclude Include="ibcd.h">
      <Filter>ヘッダー ファイル</Filter>
    </ClInclude>
    <ClInclude Include="Scene.h">
      <Filter>ヘッダー ファイル</Filter>
    </ClInclude>
    <ClInclude Include="SampleScene.h">
      <Filter>シーン</Filter>
    </ClInclude>
    <ClInclude Include="Shader.h">
      <Filter>GL</Filter>
    </ClInclude>
    <ClInclude Include="ibcdexcept.h">
      <Filter>ヘッダー ファイル</Filter>
    </ClInclude>
    <ClInclude Include="Camera.h">
      <Filter>GL</Filter>
    </ClInclude>
    <ClInclude Include="Model.h">
      <Filter>GL</Filter>
    </ClInclude>
    <ClInclude Include="DepthPeelingScene.h">
      <Filter>シーン</Filter>
    </ClInclude>
    <ClInclude Include="Light.h">
      <Filter>GL</Filter>
    </ClInclude>
    <ClInclude Include="FrameBuffer.h">
      <Filter>GL</Filter>
    </ClInclude>
    <ClInclude Include="FBOPracticeScene.h">
      <Filter>シーン</Filter>
    </ClInclude>
  </ItemGroup>
  <ItemGroup>
    <None Include="shader\basic.vert">
      <Filter>シェーダ</Filter>
    </None>
    <None Include="shader\ADS.frag">
      <Filter>シェーダ</Filter>
    </None>
    <None Include="shader\ADS.vert">
      <Filter>シェーダ</Filter>
    </None>
    <None Include="shader\basic.frag">
      <Filter>シェーダ</Filter>
    </None>
  </ItemGroup>
</Project>